
Microsoft Visual Studio Solution File, Format Version 12.00
# Visual Studio 14
VisualStudioVersion = 14.0.25420.1
MinimumVisualStudioVersion = 10.0.40219.1
Project("{FAE04EC0-301F-11D3-BF4B-00C04F79EFBC}") = "Timezone.Main", "Timezone.Main\Timezone.Main.csproj", "{9AD31B2C-C6B3-42B0-AB97-B3462483BEBA}"
EndProject
Project("{FAE04EC0-301F-11D3-BF4B-00C04F79EFBC}") = "Timezone.Core", "Timezone.Core\Timezone.Core.csproj", "{10E0F336-507E-4207-8E2C-78E60A08EEBD}"
EndProject
Global
	GlobalSection(SolutionConfigurationPlatforms) = preSolution
		Debug|Any CPU = Debug|Any CPU
		Release|Any CPU = Release|Any CPU
	EndGlobalSection
	GlobalSection(ProjectConfigurationPlatforms) = postSolution
		{9AD31B2C-C6B3-42B0-AB97-B3462483BEBA}.Debug|Any CPU.ActiveCfg = Debug|Any CPU
		{9AD31B2C-C6B3-42B0-AB97-B3462483BEBA}.Debug|Any CPU.Build.0 = Debug|Any CPU
		{9AD31B2C-C6B3-42B0-AB97-B3462483BEBA}.Release|Any CPU.ActiveCfg = Release|Any CPU
		{9AD31B2C-C6B3-42B0-AB97-B3462483BEBA}.Release|Any CPU.Build.0 = Release|Any CPU
		{10E0F336-507E-4207-8E2C-78E60A08EEBD}.Debug|Any CPU.ActiveCfg = Debug|Any CPU
		{10E0F336-507E-4207-8E2C-78E60A08EEBD}.Debug|Any CPU.Build.0 = Debug|Any CPU
		{10E0F336-507E-4207-8E2C-78E60A08EEBD}.Release|Any CPU.ActiveCfg = Release|Any CPU
		{10E0F336-507E-4207-8E2C-78E60A08EEBD}.Release|Any CPU.Build.0 = Release|Any CPU
	EndGlobalSection
	GlobalSection(SolutionProperties) = preSolution
		HideSolutionNode = FALSE
	EndGlobalSection
	GlobalSection(ExtensibilityGlobals) = postSolution
		SolutionGuid = {8E18342C-39BF-4E7D-A983-21CF4FA2906F}
	EndGlobalSection
EndGlobal
